PODS:
  - Bolts (1.9.0):
    - Bolts/AppLinks (= 1.9.0)
    - Bolts/Tasks (= 1.9.0)
  - Bolts/AppLinks (1.9.0):
    - Bolts/Tasks
  - Bolts/Tasks (1.9.0)
  - Canvas (0.1.2)
  - FBSDKCoreKit (4.23.0):
    - Bolts (~> 1.7)
  - FBSDKLoginKit (4.23.0):
    - FBSDKCoreKit
  - JSQMessagesViewController (7.3.4):
    - JSQSystemSoundPlayer (~> 2.0.1)
  - JSQSystemSoundPlayer (2.0.1)

DEPENDENCIES:
  - Canvas
  - FBSDKCoreKit
  - FBSDKLoginKit
  - JSQMessagesViewController

SPEC REPOS:
  https://github.com/cocoapods/specs.git:
    - Bolts
    - Canvas
    - FBSDKCoreKit
    - FBSDKLoginKit
    - JSQMessagesViewController
    - JSQSystemSoundPlayer

SPEC CHECKSUMS:
  Bolts: ac6567323eac61e203f6a9763667d0f711be34c8
  Canvas: eb861e3b555d032648146c8ffda1a5dea40059ca
  FBSDKCoreKit: d7829f5a69901cd7296105328e4c3c3fc7da6518
  FBSDKLoginKit: 6b92bd65f319d669d2b0730e49db495ef1660566
  JSQMessagesViewController: 39fed975e3c9f8eba7292071e29eeb541d105e66
  JSQSystemSoundPlayer: c5850e77a4363ffd374cd851154b9af93264ed8d

PODFILE CHECKSUM: 06d046f401afb72a5bca5888f08963d3fbd41d4b

COCOAPODS: 1.6.0.beta.1
